{
  "originHash" : "5e2f7be5febcc80956d189a5710a7d88b63477696237a3a0894526f57ae8a5a7",
  "pins" : [
    {
      "identity" : "combineext",
      "kind" : "remoteSourceControl",
      "location" : "https://github.com/CombineCommunity/CombineExt.git",
      "state" : {
        "revision" : "96a7610ca165e027b24710fc2f04c9ba8d2ce0e6",
        "version" : "1.9.0"
      }
    }
  ],
  "version" : 3
}
